
Microsoft Visual Studio Solution File, Format Version 12.00
Project("{2150E333-8FDC-42A3-9474-1A3956D46DE8}") = "Schemas", "Schemas", "{0926B7E6-69F1-4F99-85F8-D9CB07028DEE}"
	ProjectSection(SolutionItems) = preProject
		Schemas\common.proto = Schemas\common.proto
		Schemas\game_enum.proto = Schemas\game_enum.proto
		Schemas\game_packet.proto = Schemas\game_packet.proto
	EndProjectSection
EndProject
Project("{2150E333-8FDC-42A3-9474-1A3956D46DE8}") = "Scripts", "Scripts", "{399A25D4-BFFA-425C-8DE7-69265C32100A}"
	ProjectSection(SolutionItems) = preProject
		Scripts\generate.bat = Scripts\generate.bat
		Scripts\generate.sh = Scripts\generate.sh
	EndProjectSection
EndProject
Project("{2150E333-8FDC-42A3-9474-1A3956D46DE8}") = "CppLib", "CppLib", "{0E65EC45-DFD3-4805-920C-090B7375DFBB}"
	ProjectSection(SolutionItems) = preProject
		CppLib\CMakeLists.txt = CppLib\CMakeLists.txt
	EndProjectSection
EndProject
Project("{FAE04EC0-301F-11D3-BF4B-00C04F79EFBC}") = "Yiso.Protocol", "CSharpLib\Yiso.Protocol.csproj", "{060C158C-BC33-4665-A8A6-28FB362E3080}"
EndProject
Global
	GlobalSection(SolutionConfigurationPlatforms) = preSolution
		Debug|Any CPU = Debug|Any CPU
		Release|Any CPU = Release|Any CPU
	EndGlobalSection
	GlobalSection(ProjectConfigurationPlatforms) = postSolution
		{060C158C-BC33-4665-A8A6-28FB362E3080}.Debug|Any CPU.ActiveCfg = Debug|Any CPU
		{060C158C-BC33-4665-A8A6-28FB362E3080}.Debug|Any CPU.Build.0 = Debug|Any CPU
		{060C158C-BC33-4665-A8A6-28FB362E3080}.Release|Any CPU.ActiveCfg = Release|Any CPU
		{060C158C-BC33-4665-A8A6-28FB362E3080}.Release|Any CPU.Build.0 = Release|Any CPU
	EndGlobalSection
EndGlobal
