
Microsoft Visual Studio Solution File, Format Version 12.00
Project("{FAE04EC0-301F-11D3-BF4B-00C04F79EFBC}") = "Yiso.Web", "Yiso.Web\Yiso.Web.csproj", "{6B286770-8F3B-443C-9912-378EDE6CA662}"
EndProject
Project("{FAE04EC0-301F-11D3-BF4B-00C04F79EFBC}") = "Yiso.Shared", "Yiso.Shared\Yiso.Shared.csproj", "{D31CD9EA-0727-49D1-B5B9-2B76C3A31AB0}"
EndProject
Project("{8BC9CEB8-8B4A-11D0-8D11-00A0C91BC942}") = "Yiso.Game.Packet", "Yiso.Game.Packet\Yiso.Game.Packet.vcxproj", "{613A99EF-E6A9-4799-A42E-A00F05D500E9}"
EndProject
Project("{8BC9CEB8-8B4A-11D0-8D11-00A0C91BC942}") = "Yiso.Game", "Yiso.Game\Yiso.Game.vcxproj", "{38CDBAE7-65D2-4C42-83D9-3B5D27E67825}"
EndProject
Project("{8BC9CEB8-8B4A-11D0-8D11-00A0C91BC942}") = "Yiso.Game.Core", "Yiso.Game.Core\Yiso.Game.Core.vcxproj", "{67C9578D-455E-4C3A-8986-1C3E8D2FAE7A}"
EndProject
Project("{FAE04EC0-301F-11D3-BF4B-00C04F79EFBC}") = "Yiso.Protocol", "..\Protocol\CSharpLib\Yiso.Protocol.csproj", "{72E3130E-6637-48A4-9207-C228824DFFC5}"
EndProject
Project("{8BC9CEB8-8B4A-11D0-8D11-00A0C91BC942}") = "Yiso.DummyClient", "Yiso.DummyClient\Yiso.DummyClient.vcxproj", "{C3D4E5F6-A7B8-4C0D-2E3F-4A5B6C7D8E9F}"
EndProject
Global
	GlobalSection(SolutionConfigurationPlatforms) = preSolution
		Debug|Any CPU = Debug|Any CPU
		Release|Any CPU = Release|Any CPU
	EndGlobalSection
	GlobalSection(ProjectConfigurationPlatforms) = postSolution
		{6B286770-8F3B-443C-9912-378EDE6CA662}.Debug|Any CPU.ActiveCfg = Debug|Any CPU
		{6B286770-8F3B-443C-9912-378EDE6CA662}.Debug|Any CPU.Build.0 = Debug|Any CPU
		{6B286770-8F3B-443C-9912-378EDE6CA662}.Release|Any CPU.ActiveCfg = Release|Any CPU
		{6B286770-8F3B-443C-9912-378EDE6CA662}.Release|Any CPU.Build.0 = Release|Any CPU
		{D31CD9EA-0727-49D1-B5B9-2B76C3A31AB0}.Debug|Any CPU.ActiveCfg = Debug|Any CPU
		{D31CD9EA-0727-49D1-B5B9-2B76C3A31AB0}.Debug|Any CPU.Build.0 = Debug|Any CPU
		{D31CD9EA-0727-49D1-B5B9-2B76C3A31AB0}.Release|Any CPU.ActiveCfg = Release|Any CPU
		{D31CD9EA-0727-49D1-B5B9-2B76C3A31AB0}.Release|Any CPU.Build.0 = Release|Any CPU
		{613A99EF-E6A9-4799-A42E-A00F05D500E9}.Debug|Any CPU.ActiveCfg = Debug|x64
		{613A99EF-E6A9-4799-A42E-A00F05D500E9}.Debug|Any CPU.Build.0 = Debug|x64
		{613A99EF-E6A9-4799-A42E-A00F05D500E9}.Release|Any CPU.ActiveCfg = Release|x64
		{613A99EF-E6A9-4799-A42E-A00F05D500E9}.Release|Any CPU.Build.0 = Release|x64
		{38CDBAE7-65D2-4C42-83D9-3B5D27E67825}.Debug|Any CPU.ActiveCfg = Debug|x64
		{38CDBAE7-65D2-4C42-83D9-3B5D27E67825}.Debug|Any CPU.Build.0 = Debug|x64
		{38CDBAE7-65D2-4C42-83D9-3B5D27E67825}.Release|Any CPU.ActiveCfg = Release|x64
		{38CDBAE7-65D2-4C42-83D9-3B5D27E67825}.Release|Any CPU.Build.0 = Release|x64
		{67C9578D-455E-4C3A-8986-1C3E8D2FAE7A}.Debug|Any CPU.ActiveCfg = Debug|x64
		{67C9578D-455E-4C3A-8986-1C3E8D2FAE7A}.Debug|Any CPU.Build.0 = Debug|x64
		{67C9578D-455E-4C3A-8986-1C3E8D2FAE7A}.Release|Any CPU.ActiveCfg = Release|x64
		{67C9578D-455E-4C3A-8986-1C3E8D2FAE7A}.Release|Any CPU.Build.0 = Release|x64
		{72E3130E-6637-48A4-9207-C228824DFFC5}.Debug|Any CPU.ActiveCfg = Debug|Any CPU
		{72E3130E-6637-48A4-9207-C228824DFFC5}.Debug|Any CPU.Build.0 = Debug|Any CPU
		{72E3130E-6637-48A4-9207-C228824DFFC5}.Release|Any CPU.ActiveCfg = Release|Any CPU
		{72E3130E-6637-48A4-9207-C228824DFFC5}.Release|Any CPU.Build.0 = Release|Any CPU
		{C3D4E5F6-A7B8-4C0D-2E3F-4A5B6C7D8E9F}.Debug|Any CPU.ActiveCfg = Debug|x64
		{C3D4E5F6-A7B8-4C0D-2E3F-4A5B6C7D8E9F}.Debug|Any CPU.Build.0 = Debug|x64
		{C3D4E5F6-A7B8-4C0D-2E3F-4A5B6C7D8E9F}.Release|Any CPU.ActiveCfg = Release|x64
		{C3D4E5F6-A7B8-4C0D-2E3F-4A5B6C7D8E9F}.Release|Any CPU.Build.0 = Release|x64
	EndGlobalSection
EndGlobal
